// !$*UTF8*$!
{
	archiveVersion = 1;
	classes = {
	};
	objectVersion = 50;
	objects = {

/* Begin PBXBuildFile section */
		8CA92333F34FAA656D9FDDBC /* Pods_SiriusApp.framework in Frameworks */ = {isa = PBXBuildFile; fileRef = 15FC6C854E091EC1F6B32D7D /* Pods_SiriusApp.framework */; };
		A003478521BD6429008682AD /* LongDealUIButton.swift in Sources */ = {isa = PBXBuildFile; fileRef = A003478421BD6429008682AD /* LongDealUIButton.swift */; };
		A0083F1922045245002D0CE6 /* RegistrationViewController.swift in Sources */ = {isa = PBXBuildFile; fileRef = A0083F1822045245002D0CE6 /* RegistrationViewController.swift */; };
		A01D157D21C68CEC00E0BD56 /* AirportSearchViewController.swift in Sources */ = {isa = PBXBuildFile; fileRef = A01D157C21C68CEC00E0BD56 /* AirportSearchViewController.swift */; };
		A02FDC6821AB09D2005ACFF1 /* DealsCollectionViewCell.swift in Sources */ = {isa = PBXBuildFile; fileRef = A02FDC6721AB09D2005ACFF1 /* DealsCollectionViewCell.swift */; };
		A050C2EA21C6A66C004FC630 /* airportSearchTableViewCell.swift in Sources */ = {isa = PBXBuildFile; fileRef = A050C2E921C6A66C004FC630 /* airportSearchTableViewCell.swift */; };
		A050C2EC21C6B012004FC630 /* AirportStruckt.swift in Sources */ = {isa = PBXBuildFile; fileRef = A050C2EB21C6B012004FC630 /* AirportStruckt.swift */; };
		A055447221A32AC3001A1B4B /* AppDelegate.swift in Sources */ = {isa = PBXBuildFile; fileRef = A055447121A32AC3001A1B4B /* AppDelegate.swift */; };
		A055447921A32AC5001A1B4B /* Assets.xcassets in Resources */ = {isa = PBXBuildFile; fileRef = A055447821A32AC5001A1B4B /* Assets.xcassets */; };
		A055447C21A32AC5001A1B4B /* LaunchScreen.storyboard in Resources */ = {isa = PBXBuildFile; fileRef = A055447A21A32AC5001A1B4B /* LaunchScreen.storyboard */; };
		A05B0A8D21BD7404001A8EBF /* BigCharterUIButton.swift in Sources */ = {isa = PBXBuildFile; fileRef = A05B0A8C21BD7404001A8EBF /* BigCharterUIButton.swift */; };
		A05B0A8F21BD7C9B001A8EBF /* ControlCharterUIButton.swift in Sources */ = {isa = PBXBuildFile; fileRef = A05B0A8E21BD7C9B001A8EBF /* ControlCharterUIButton.swift */; };
		A05B0A9121BD7DE1001A8EBF /* CharterControllTableViewCell.swift in Sources */ = {isa = PBXBuildFile; fileRef = A05B0A9021BD7DE1001A8EBF /* CharterControllTableViewCell.swift */; };
		A065BAE22209AD1500148067 /* FilterViewController.swift in Sources */ = {isa = PBXBuildFile; fileRef = A065BAE12209AD1500148067 /* FilterViewController.swift */; };
		A065BAE42209E94500148067 /* RadioUIButton.swift in Sources */ = {isa = PBXBuildFile; fileRef = A065BAE32209E94500148067 /* RadioUIButton.swift */; };
		A074FA3F22115683003ECBCB /* UserDataRegistrationViewController.swift in Sources */ = {isa = PBXBuildFile; fileRef = A074FA3E22115683003ECBCB /* UserDataRegistrationViewController.swift */; };
		A07C483C21C6BAEF005DC16E /* CharterStruckt.swift in Sources */ = {isa = PBXBuildFile; fileRef = A07C483B21C6BAEF005DC16E /* CharterStruckt.swift */; };
		A07CF1E3220471C600EEC163 /* HideExstencion.swift in Sources */ = {isa = PBXBuildFile; fileRef = A07CF1E2220471C600EEC163 /* HideExstencion.swift */; };
		A086EFC721F49B3E005D5064 /* SmallCharterUIButton copy.swift in Sources */ = {isa = PBXBuildFile; fileRef = A086EFC621F49B3D005D5064 /* SmallCharterUIButton copy.swift */; };
		A0A79E4221CFA7EB00ED7E95 /* NotificationTableViewCell.swift in Sources */ = {isa = PBXBuildFile; fileRef = A0A79E4121CFA7EB00ED7E95 /* NotificationTableViewCell.swift */; };
		A0A79E4421CFCF1600ED7E95 /* NotificationStruct.swift in Sources */ = {isa = PBXBuildFile; fileRef = A0A79E4321CFCF1500ED7E95 /* NotificationStruct.swift */; };
		A0B5192821CFF39200D833EF /* ProfileTableViewCell.swift in Sources */ = {isa = PBXBuildFile; fileRef = A0B5192721CFF39200D833EF /* ProfileTableViewCell.swift */; };
		A0BD405A21A3523D005062E9 /* DealsViewController.swift in Sources */ = {isa = PBXBuildFile; fileRef = A0BD405921A3523D005062E9 /* DealsViewController.swift */; };
		A0C439CB21AC84BF002E1149 /* FlightStruct.swift in Sources */ = {isa = PBXBuildFile; fileRef = A0C439CA21AC84BF002E1149 /* FlightStruct.swift */; };
		A0D21C6B22117988005A5B37 /* UserData.swift in Sources */ = {isa = PBXBuildFile; fileRef = A0D21C6A22117988005A5B37 /* UserData.swift */; };
		A0D21C6F22119206005A5B37 /* EnterViewController.swift in Sources */ = {isa = PBXBuildFile; fileRef = A0D21C6E22119206005A5B37 /* EnterViewController.swift */; };
		A0D21C7122119644005A5B37 /* RePassViewController.swift in Sources */ = {isa = PBXBuildFile; fileRef = A0D21C7022119644005A5B37 /* RePassViewController.swift */; };
		A0D21C852212D744005A5B37 /* AboutViewController.swift in Sources */ = {isa = PBXBuildFile; fileRef = A0D21C842212D744005A5B37 /* AboutViewController.swift */; };
		A0D21C8722131248005A5B37 /* GoogleService-Info-2.plist in Resources */ = {isa = PBXBuildFile; fileRef = A0D21C8622131248005A5B37 /* GoogleService-Info-2.plist */; };
		A0D21C8922131254005A5B37 /* GoogleService-Info.plist in Resources */ = {isa = PBXBuildFile; fileRef = A0D21C8822131254005A5B37 /* GoogleService-Info.plist */; };
		A0D21C8B22131665005A5B37 /* ImageResizeExtension.swift in Sources */ = {isa = PBXBuildFile; fileRef = A0D21C8A22131665005A5B37 /* ImageResizeExtension.swift */; };
		A0DBDADC21BD571800A20F25 /* CharterSelectionTableViewCell.swift in Sources */ = {isa = PBXBuildFile; fileRef = A0DBDADB21BD571800A20F25 /* CharterSelectionTableViewCell.swift */; };
		A0DFA22821B44F640048E742 /* SelectedDealViewController.swift in Sources */ = {isa = PBXBuildFile; fileRef = A0DFA22721B44F640048E742 /* SelectedDealViewController.swift */; };
		A0EF35E321BC51490098376C /* RequestViewController.swift in Sources */ = {isa = PBXBuildFile; fileRef = A0EF35E221BC51490098376C /* RequestViewController.swift */; };
		A0EF35E521BC6FD10098376C /* WelcomeViewController.swift in Sources */ = {isa = PBXBuildFile; fileRef = A0EF35E421BC6FD10098376C /* WelcomeViewController.swift */; };
		A0EF35E721BC70670098376C /* TapBarViewController.swift in Sources */ = {isa = PBXBuildFile; fileRef = A0EF35E621BC70670098376C /* TapBarViewController.swift */; };
		A0F4418A21A82E35004AE086 /* CharterViewController.swift in Sources */ = {isa = PBXBuildFile; fileRef = A0F4418921A82E35004AE086 /* CharterViewController.swift */; };
		A0F4418C21A82E48004AE086 /* ProfileViewController.swift in Sources */ = {isa = PBXBuildFile; fileRef = A0F4418B21A82E48004AE086 /* ProfileViewController.swift */; };
		A0F4418E21A82E53004AE086 /* NotifecationsViewController.swift in Sources */ = {isa = PBXBuildFile; fileRef = A0F4418D21A82E53004AE086 /* NotifecationsViewController.swift */; };
/* End PBXBuildFile section */

/* Begin PBXFileReference section */
		15FC6C854E091EC1F6B32D7D /* Pods_SiriusApp.framework */ = {isa = PBXFileReference; explicitFileType = wrapper.framework; includeInIndex = 0; path = Pods_SiriusApp.framework; sourceTree = BUILT_PRODUCTS_DIR; };
		31D75697F74BE525E08906F4 /* Pods-SiriusApp.release.xcconfig */ = {isa = PBXFileReference; includeInIndex = 1; lastKnownFileType = text.xcconfig; name = "Pods-SiriusApp.release.xcconfig"; path = "Pods/Target Support Files/Pods-SiriusApp/Pods-SiriusApp.release.xcconfig"; sourceTree = "<group>"; };
		50C9C15076D55E5723F9D18B /* Pods-SiriusApp.debug.xcconfig */ = {isa = PBXFileReference; includeInIndex = 1; lastKnownFileType = text.xcconfig; name = "Pods-SiriusApp.debug.xcconfig"; path = "Pods/Target Support Files/Pods-SiriusApp/Pods-SiriusApp.debug.xcconfig"; sourceTree = "<group>"; };
		A003478421BD6429008682AD /* LongDealUIButton.swift */ = {isa = PBXFileReference; lastKnownFileType = sourcecode.swift; path = LongDealUIButton.swift; sourceTree = "<group>"; };
		A0083F1822045245002D0CE6 /* RegistrationViewController.swift */ = {isa = PBXFileReference; lastKnownFileType = sourcecode.swift; path = RegistrationViewController.swift; sourceTree = "<group>"; };
		A01D157C21C68CEC00E0BD56 /* AirportSearchViewController.swift */ = {isa = PBXFileReference; lastKnownFileType = sourcecode.swift; path = AirportSearchViewController.swift; sourceTree = "<group>"; };
		A02FDC6721AB09D2005ACFF1 /* DealsCollectionViewCell.swift */ = {isa = PBXFileReference; lastKnownFileType = sourcecode.swift; path = DealsCollectionViewCell.swift; sourceTree = "<group>"; };
		A050C2E921C6A66C004FC630 /* airportSearchTableViewCell.swift */ = {isa = PBXFileReference; lastKnownFileType = sourcecode.swift; path = airportSearchTableViewCell.swift; sourceTree = "<group>"; };
		A050C2EB21C6B012004FC630 /* AirportStruckt.swift */ = {isa = PBXFileReference; lastKnownFileType = sourcecode.swift; path = AirportStruckt.swift; sourceTree = "<group>"; };
		A055446E21A32AC3001A1B4B /* SiriusApp.app */ = {isa = PBXFileReference; explicitFileType = wrapper.application; includeInIndex = 0; path = SiriusApp.app; sourceTree = BUILT_PRODUCTS_DIR; };
		A055447121A32AC3001A1B4B /* AppDelegate.swift */ = {isa = PBXFileReference; lastKnownFileType = sourcecode.swift; path = AppDelegate.swift; sourceTree = "<group>"; };
		A055447821A32AC5001A1B4B /* Assets.xcassets */ = {isa = PBXFileReference; lastKnownFileType = folder.assetcatalog; path = Assets.xcassets; sourceTree = "<group>"; };
		A055447B21A32AC5001A1B4B /* Base */ = {isa = PBXFileReference; lastKnownFileType = file.storyboard; name = Base; path = Base.lproj/LaunchScreen.storyboard; sourceTree = "<group>"; };
		A055447D21A32AC5001A1B4B /* Info.plist */ = {isa = PBXFileReference; lastKnownFileType = text.plist.xml; path = Info.plist; sourceTree = "<group>"; };
		A05B0A8C21BD7404001A8EBF /* BigCharterUIButton.swift */ = {isa = PBXFileReference; lastKnownFileType = sourcecode.swift; path = BigCharterUIButton.swift; sourceTree = "<group>"; };
		A05B0A8E21BD7C9B001A8EBF /* ControlCharterUIButton.swift */ = {isa = PBXFileReference; lastKnownFileType = sourcecode.swift; path = ControlCharterUIButton.swift; sourceTree = "<group>"; };
		A05B0A9021BD7DE1001A8EBF /* CharterControllTableViewCell.swift */ = {isa = PBXFileReference; lastKnownFileType = sourcecode.swift; path = CharterControllTableViewCell.swift; sourceTree = "<group>"; };
		A065BAE12209AD1500148067 /* FilterViewController.swift */ = {isa = PBXFileReference; lastKnownFileType = sourcecode.swift; path = FilterViewController.swift; sourceTree = "<group>"; };
		A065BAE32209E94500148067 /* RadioUIButton.swift */ = {isa = PBXFileReference; lastKnownFileType = sourcecode.swift; path = RadioUIButton.swift; sourceTree = "<group>"; };
		A074FA3E22115683003ECBCB /* UserDataRegistrationViewController.swift */ = {isa = PBXFileReference; lastKnownFileType = sourcecode.swift; path = UserDataRegistrationViewController.swift; sourceTree = "<group>"; };
		A07C483B21C6BAEF005DC16E /* CharterStruckt.swift */ = {isa = PBXFileReference; lastKnownFileType = sourcecode.swift; path = CharterStruckt.swift; sourceTree = "<group>"; };
		A07CF1E2220471C600EEC163 /* HideExstencion.swift */ = {isa = PBXFileReference; lastKnownFileType = sourcecode.swift; path = HideExstencion.swift; sourceTree = "<group>"; };
		A086EFC621F49B3D005D5064 /* SmallCharterUIButton copy.swift */ = {isa = PBXFileReference; lastKnownFileType = sourcecode.swift; path = "SmallCharterUIButton copy.swift"; sourceTree = "<group>"; };
		A0A79E4121CFA7EB00ED7E95 /* NotificationTableViewCell.swift */ = {isa = PBXFileReference; lastKnownFileType = sourcecode.swift; path = NotificationTableViewCell.swift; sourceTree = "<group>"; };
		A0A79E4321CFCF1500ED7E95 /* NotificationStruct.swift */ = {isa = PBXFileReference; lastKnownFileType = sourcecode.swift; path = NotificationStruct.swift; sourceTree = "<group>"; };
		A0B5192721CFF39200D833EF /* ProfileTableViewCell.swift */ = {isa = PBXFileReference; lastKnownFileType = sourcecode.swift; path = ProfileTableViewCell.swift; sourceTree = "<group>"; };
		A0BD405921A3523D005062E9 /* DealsViewController.swift */ = {isa = PBXFileReference; lastKnownFileType = sourcecode.swift; path = DealsViewController.swift; sourceTree = "<group>"; };
		A0C439CA21AC84BF002E1149 /* FlightStruct.swift */ = {isa = PBXFileReference; lastKnownFileType = sourcecode.swift; path = FlightStruct.swift; sourceTree = "<group>"; };
		A0D21C6A22117988005A5B37 /* UserData.swift */ = {isa = PBXFileReference; lastKnownFileType = sourcecode.swift; path = UserData.swift; sourceTree = "<group>"; };
		A0D21C6E22119206005A5B37 /* EnterViewController.swift */ = {isa = PBXFileReference; lastKnownFileType = sourcecode.swift; path = EnterViewController.swift; sourceTree = "<group>"; };
		A0D21C7022119644005A5B37 /* RePassViewController.swift */ = {isa = PBXFileReference; lastKnownFileType = sourcecode.swift; path = RePassViewController.swift; sourceTree = "<group>"; };
		A0D21C842212D744005A5B37 /* AboutViewController.swift */ = {isa = PBXFileReference; lastKnownFileType = sourcecode.swift; path = AboutViewController.swift; sourceTree = "<group>"; };
		A0D21C8622131248005A5B37 /* GoogleService-Info-2.plist */ = {isa = PBXFileReference; fileEncoding = 4; lastKnownFileType = text.plist.xml; path = "GoogleService-Info-2.plist"; sourceTree = "<group>"; };
		A0D21C8822131254005A5B37 /* GoogleService-Info.plist */ = {isa = PBXFileReference; fileEncoding = 4; lastKnownFileType = text.plist.xml; path = "GoogleService-Info.plist"; sourceTree = "<group>"; };
		A0D21C8A22131665005A5B37 /* ImageResizeExtension.swift */ = {isa = PBXFileReference; lastKnownFileType = sourcecode.swift; path = ImageResizeExtension.swift; sourceTree = "<group>"; };
		A0DBDADB21BD571800A20F25 /* CharterSelectionTableViewCell.swift */ = {isa = PBXFileReference; lastKnownFileType = sourcecode.swift; path = CharterSelectionTableViewCell.swift; sourceTree = "<group>"; };
		A0DFA22721B44F640048E742 /* SelectedDealViewController.swift */ = {isa = PBXFileReference; lastKnownFileType = sourcecode.swift; path = SelectedDealViewController.swift; sourceTree = "<group>"; };
		A0EF35E221BC51490098376C /* RequestViewController.swift */ = {isa = PBXFileReference; lastKnownFileType = sourcecode.swift; path = RequestViewController.swift; sourceTree = "<group>"; };
		A0EF35E421BC6FD10098376C /* WelcomeViewController.swift */ = {isa = PBXFileReference; lastKnownFileType = sourcecode.swift; path = WelcomeViewController.swift; sourceTree = "<group>"; };
		A0EF35E621BC70670098376C /* TapBarViewController.swift */ = {isa = PBXFileReference; lastKnownFileType = sourcecode.swift; path = TapBarViewController.swift; sourceTree = "<group>"; };
		A0F4418921A82E35004AE086 /* CharterViewController.swift */ = {isa = PBXFileReference; lastKnownFileType = sourcecode.swift; path = CharterViewController.swift; sourceTree = "<group>"; };
		A0F4418B21A82E48004AE086 /* ProfileViewController.swift */ = {isa = PBXFileReference; lastKnownFileType = sourcecode.swift; path = ProfileViewController.swift; sourceTree = "<group>"; };
		A0F4418D21A82E53004AE086 /* NotifecationsViewController.swift */ = {isa = PBXFileReference; lastKnownFileType = sourcecode.swift; path = NotifecationsViewController.swift; sourceTree = "<group>"; };
/* End PBXFileReference section */

/* Begin PBXFrameworksBuildPhase section */
		A055446B21A32AC3001A1B4B /* Frameworks */ = {
			isa = PBXFrameworksBuildPhase;
			buildActionMask = 2147483647;
			files = (
				8CA92333F34FAA656D9FDDBC /* Pods_SiriusApp.framework in Frameworks */,
			);
			runOnlyForDeploymentPostprocessing = 0;
		};
/* End PBXFrameworksBuildPhase section */

/* Begin PBXGroup section */
		5E646E6707513312B2D22B7F /* Frameworks */ = {
			isa = PBXGroup;
			children = (
				15FC6C854E091EC1F6B32D7D /* Pods_SiriusApp.framework */,
			);
			name = Frameworks;
			sourceTree = "<group>";
		};
		694FFF1B4EF62FA9CFFB0D84 /* Pods */ = {
			isa = PBXGroup;
			children = (
				50C9C15076D55E5723F9D18B /* Pods-SiriusApp.debug.xcconfig */,
				31D75697F74BE525E08906F4 /* Pods-SiriusApp.release.xcconfig */,
			);
			name = Pods;
			sourceTree = "<group>";
		};
		A02FDC6921AB09D9005ACFF1 /* cells */ = {
			isa = PBXGroup;
			children = (
				A0D21C8622131248005A5B37 /* GoogleService-Info-2.plist */,
				A02FDC6721AB09D2005ACFF1 /* DealsCollectionViewCell.swift */,
				A0B5192721CFF39200D833EF /* ProfileTableViewCell.swift */,
				A050C2E921C6A66C004FC630 /* airportSearchTableViewCell.swift */,
				A0DBDADB21BD571800A20F25 /* CharterSelectionTableViewCell.swift */,
				A05B0A9021BD7DE1001A8EBF /* CharterControllTableViewCell.swift */,
				A0A79E4121CFA7EB00ED7E95 /* NotificationTableViewCell.swift */,
			);
			path = cells;
			sourceTree = "<group>";
		};
		A055446521A32AC3001A1B4B = {
			isa = PBXGroup;
			children = (
				A055447021A32AC3001A1B4B /* SiriusApp */,
				A055446F21A32AC3001A1B4B /* Products */,
				694FFF1B4EF62FA9CFFB0D84 /* Pods */,
				5E646E6707513312B2D22B7F /* Frameworks */,
			);
			sourceTree = "<group>";
		};
		A055446F21A32AC3001A1B4B /* Products */ = {
			isa = PBXGroup;
			children = (
				A055446E21A32AC3001A1B4B /* SiriusApp.app */,
			);
			name = Products;
			sourceTree = "<group>";
		};
		A055447021A32AC3001A1B4B /* SiriusApp */ = {
			isa = PBXGroup;
			children = (
				A071AC2221B68444006C22D0 /* model */,
				A0BD405821A35108005062E9 /* views */,
				A055447121A32AC3001A1B4B /* AppDelegate.swift */,
				A07CF1E2220471C600EEC163 /* HideExstencion.swift */,
				A0D21C8A22131665005A5B37 /* ImageResizeExtension.swift */,
				A055447821A32AC5001A1B4B /* Assets.xcassets */,
				A055447A21A32AC5001A1B4B /* LaunchScreen.storyboard */,
				A0D21C8822131254005A5B37 /* GoogleService-Info.plist */,
				A055447D21A32AC5001A1B4B /* Info.plist */,
			);
			path = SiriusApp;
			sourceTree = "<group>";
		};
		A05B0A9221BD820F001A8EBF /* castom buttons */ = {
			isa = PBXGroup;
			children = (
				A05B0A8C21BD7404001A8EBF /* BigCharterUIButton.swift */,
				A05B0A8E21BD7C9B001A8EBF /* ControlCharterUIButton.swift */,
				A086EFC621F49B3D005D5064 /* SmallCharterUIButton copy.swift */,
				A065BAE32209E94500148067 /* RadioUIButton.swift */,
				A003478421BD6429008682AD /* LongDealUIButton.swift */,
			);
			path = "castom buttons";
			sourceTree = "<group>";
		};
		A071AC2221B68444006C22D0 /* model */ = {
			isa = PBXGroup;
			children = (
				A0D21C6A22117988005A5B37 /* UserData.swift */,
				A0C439CA21AC84BF002E1149 /* FlightStruct.swift */,
				A0A79E4321CFCF1500ED7E95 /* NotificationStruct.swift */,
				A050C2EB21C6B012004FC630 /* AirportStruckt.swift */,
				A07C483B21C6BAEF005DC16E /* CharterStruckt.swift */,
			);
			path = model;
			sourceTree = "<group>";
		};
		A0BD405821A35108005062E9 /* views */ = {
			isa = PBXGroup;
			children = (
				A0EF35E621BC70670098376C /* TapBarViewController.swift */,
				A05B0A9221BD820F001A8EBF /* castom buttons */,
				A02FDC6921AB09D9005ACFF1 /* cells */,
				A0BD405921A3523D005062E9 /* DealsViewController.swift */,
				A0F4418921A82E35004AE086 /* CharterViewController.swift */,
				A0DFA22721B44F640048E742 /* SelectedDealViewController.swift */,
				A065BAE12209AD1500148067 /* FilterViewController.swift */,
				A0EF35E221BC51490098376C /* RequestViewController.swift */,
				A01D157C21C68CEC00E0BD56 /* AirportSearchViewController.swift */,
				A0EF35E421BC6FD10098376C /* WelcomeViewController.swift */,
				A0D21C6E22119206005A5B37 /* EnterViewController.swift */,
				A0D21C7022119644005A5B37 /* RePassViewController.swift */,
				A0083F1822045245002D0CE6 /* RegistrationViewController.swift */,
				A074FA3E22115683003ECBCB /* UserDataRegistrationViewController.swift */,
				A0F4418B21A82E48004AE086 /* ProfileViewController.swift */,
				A0D21C842212D744005A5B37 /* AboutViewController.swift */,
				A0F4418D21A82E53004AE086 /* NotifecationsViewController.swift */,
			);
			path = views;
			sourceTree = "<group>";
		};
/* End PBXGroup section */

/* Begin PBXNativeTarget section */
		A055446D21A32AC3001A1B4B /* SiriusApp */ = {
			isa = PBXNativeTarget;
			buildConfigurationList = A055448021A32AC5001A1B4B /* Build configuration list for PBXNativeTarget "SiriusApp" */;
			buildPhases = (
				14AD577F24DCDD4A01B11D28 /* [CP] Check Pods Manifest.lock */,
				A055446A21A32AC3001A1B4B /* Sources */,
				A055446B21A32AC3001A1B4B /* Frameworks */,
				A055446C21A32AC3001A1B4B /* Resources */,
				2A6C82E0A7824018C7B47128 /* [CP] Embed Pods Frameworks */,
			);
			buildRules = (
			);
			dependencies = (
			);
			name = SiriusApp;
			productName = SiriusApp;
			productReference = A055446E21A32AC3001A1B4B /* SiriusApp.app */;
			productType = "com.apple.product-type.application";
		};
/* End PBXNativeTarget section */

/* Begin PBXProject section */
		A055446621A32AC3001A1B4B /* Project object */ = {
			isa = PBXProject;
			attributes = {
				LastSwiftUpdateCheck = 1000;
				LastUpgradeCheck = 1000;
				ORGANIZATIONNAME = me4air;
				TargetAttributes = {
					A055446D21A32AC3001A1B4B = {
						CreatedOnToolsVersion = 10.0;
					};
				};
			};
			buildConfigurationList = A055446921A32AC3001A1B4B /* Build configuration list for PBXProject "SiriusApp" */;
			compatibilityVersion = "Xcode 9.3";
			developmentRegion = en;
			hasScannedForEncodings = 0;
			knownRegions = (
				en,
				Base,
			);
			mainGroup = A055446521A32AC3001A1B4B;
			productRefGroup = A055446F21A32AC3001A1B4B /* Products */;
			projectDirPath = "";
			projectRoot = "";
			targets = (
				A055446D21A32AC3001A1B4B /* SiriusApp */,
			);
		};
/* End PBXProject section */

/* Begin PBXResourcesBuildPhase section */
		A055446C21A32AC3001A1B4B /* Resources */ = {
			isa = PBXResourcesBuildPhase;
			buildActionMask = 2147483647;
			files = (
				A055447C21A32AC5001A1B4B /* LaunchScreen.storyboard in Resources */,
				A055447921A32AC5001A1B4B /* Assets.xcassets in Resources */,
				A0D21C8922131254005A5B37 /* GoogleService-Info.plist in Resources */,
				A0D21C8722131248005A5B37 /* GoogleService-Info-2.plist in Resources */,
			);
			runOnlyForDeploymentPostprocessing = 0;
		};
/* End PBXResourcesBuildPhase section */

/* Begin PBXShellScriptBuildPhase section */
		14AD577F24DCDD4A01B11D28 /* [CP] Check Pods Manifest.lock */ = {
			isa = PBXShellScriptBuildPhase;
			buildActionMask = 2147483647;
			files = (
			);
			inputFileListPaths = (
			);
			inputPaths = (
				"${PODS_PODFILE_DIR_PATH}/Podfile.lock",
				"${PODS_ROOT}/Manifest.lock",
			);
			name = "[CP] Check Pods Manifest.lock";
			outputFileListPaths = (
			);
			outputPaths = (
				"$(DERIVED_FILE_DIR)/Pods-SiriusApp-checkManifestLockResult.txt",
			);
			runOnlyForDeploymentPostprocessing = 0;
			shellPath = /bin/sh;
			shellScript = "diff \"${PODS_PODFILE_DIR_PATH}/Podfile.lock\" \"${PODS_ROOT}/Manifest.lock\" > /dev/null\nif [ $? != 0 ] ; then\n    # print error to STDERR\n    echo \"error: The sandbox is not in sync with the Podfile.lock. Run 'pod install' or update your CocoaPods installation.\" >&2\n    exit 1\nfi\n# This output is used by Xcode 'outputs' to avoid re-running this script phase.\necho \"SUCCESS\" > \"${SCRIPT_OUTPUT_FILE_0}\"\n";
			showEnvVarsInLog = 0;
		};
		2A6C82E0A7824018C7B47128 /* [CP] Embed Pods Frameworks */ = {
			isa = PBXShellScriptBuildPhase;
			buildActionMask = 2147483647;
			files = (
			);
			inputFileListPaths = (
			);
			inputPaths = (
				"${SRCROOT}/Pods/Target Support Files/Pods-SiriusApp/Pods-SiriusApp-frameworks.sh",
				"${BUILT_PRODUCTS_DIR}/GoogleUtilities/GoogleUtilities.framework",
				"${BUILT_PRODUCTS_DIR}/Realm/Realm.framework",
				"${BUILT_PRODUCTS_DIR}/RealmSwift/RealmSwift.framework",
				"${BUILT_PRODUCTS_DIR}/TextFieldEffects/TextFieldEffects.framework",
				"${BUILT_PRODUCTS_DIR}/nanopb/nanopb.framework",
			);
			name = "[CP] Embed Pods Frameworks";
			outputFileListPaths = (
			);
			outputPaths = (
				"${TARGET_BUILD_DIR}/${FRAMEWORKS_FOLDER_PATH}/GoogleUtilities.framework",
				"${TARGET_BUILD_DIR}/${FRAMEWORKS_FOLDER_PATH}/Realm.framework",
				"${TARGET_BUILD_DIR}/${FRAMEWORKS_FOLDER_PATH}/RealmSwift.framework",
				"${TARGET_BUILD_DIR}/${FRAMEWORKS_FOLDER_PATH}/TextFieldEffects.framework",
				"${TARGET_BUILD_DIR}/${FRAMEWORKS_FOLDER_PATH}/nanopb.framework",
			);
			runOnlyForDeploymentPostprocessing = 0;
			shellPath = /bin/sh;
			shellScript = "\"${SRCROOT}/Pods/Target Support Files/Pods-SiriusApp/Pods-SiriusApp-frameworks.sh\"\n";
			showEnvVarsInLog = 0;
		};
/* End PBXShellScriptBuildPhase section */

/* Begin PBXSourcesBuildPhase section */
		A055446A21A32AC3001A1B4B /* Sources */ = {
			isa = PBXSourcesBuildPhase;
			buildActionMask = 2147483647;
			files = (
				A0A79E4221CFA7EB00ED7E95 /* NotificationTableViewCell.swift in Sources */,
				A050C2EC21C6B012004FC630 /* AirportStruckt.swift in Sources */,
				A0D21C7122119644005A5B37 /* RePassViewController.swift in Sources */,
				A0B5192821CFF39200D833EF /* ProfileTableViewCell.swift in Sources */,
				A0C439CB21AC84BF002E1149 /* FlightStruct.swift in Sources */,
				A05B0A8D21BD7404001A8EBF /* BigCharterUIButton.swift in Sources */,
				A0EF35E521BC6FD10098376C /* WelcomeViewController.swift in Sources */,
				A0BD405A21A3523D005062E9 /* DealsViewController.swift in Sources */,
				A0DFA22821B44F640048E742 /* SelectedDealViewController.swift in Sources */,
				A0D21C6F22119206005A5B37 /* EnterViewController.swift in Sources */,
				A0DBDADC21BD571800A20F25 /* CharterSelectionTableViewCell.swift in Sources */,
				A086EFC721F49B3E005D5064 /* SmallCharterUIButton copy.swift in Sources */,
				A003478521BD6429008682AD /* LongDealUIButton.swift in Sources */,
				A0F4418E21A82E53004AE086 /* NotifecationsViewController.swift in Sources */,
				A055447221A32AC3001A1B4B /* AppDelegate.swift in Sources */,
				A065BAE42209E94500148067 /* RadioUIButton.swift in Sources */,
				A0EF35E321BC51490098376C /* RequestViewController.swift in Sources */,
				A0083F1922045245002D0CE6 /* RegistrationViewController.swift in Sources */,
				A01D157D21C68CEC00E0BD56 /* AirportSearchViewController.swift in Sources */,
				A0F4418C21A82E48004AE086 /* ProfileViewController.swift in Sources */,
				A0D21C6B22117988005A5B37 /* UserData.swift in Sources */,
				A050C2EA21C6A66C004FC630 /* airportSearchTableViewCell.swift in Sources */,
				A074FA3F22115683003ECBCB /* UserDataRegistrationViewController.swift in Sources */,
				A0EF35E721BC70670098376C /* TapBarViewController.swift in Sources */,
				A0D21C852212D744005A5B37 /* AboutViewController.swift in Sources */,
				A05B0A8F21BD7C9B001A8EBF /* ControlCharterUIButton.swift in Sources */,
				A0A79E4421CFCF1600ED7E95 /* NotificationStruct.swift in Sources */,
				A0D21C8B22131665005A5B37 /* ImageResizeExtension.swift in Sources */,
				A065BAE22209AD1500148067 /* FilterViewController.swift in Sources */,
				A07C483C21C6BAEF005DC16E /* CharterStruckt.swift in Sources */,
				A07CF1E3220471C600EEC163 /* HideExstencion.swift in Sources */,
				A02FDC6821AB09D2005ACFF1 /* DealsCollectionViewCell.swift in Sources */,
				A05B0A9121BD7DE1001A8EBF /* CharterControllTableViewCell.swift in Sources */,
				A0F4418A21A82E35004AE086 /* CharterViewController.swift in Sources */,
			);
			runOnlyForDeploymentPostprocessing = 0;
		};
/* End PBXSourcesBuildPhase section */

/* Begin PBXVariantGroup section */
		A055447A21A32AC5001A1B4B /* LaunchScreen.storyboard */ = {
			isa = PBXVariantGroup;
			children = (
				A055447B21A32AC5001A1B4B /* Base */,
			);
			name = LaunchScreen.storyboard;
			sourceTree = "<group>";
		};
/* End PBXVariantGroup section */

/* Begin XCBuildConfiguration section */
		A055447E21A32AC5001A1B4B /* Debug */ = {
			isa = XCBuildConfiguration;
			buildSettings = {
				ALWAYS_SEARCH_USER_PATHS = NO;
				CLANG_ANALYZER_LOCALIZABILITY_NONLOCALIZED = YES;
				CLANG_ANALYZER_NONNULL = YES;
				CLANG_ANALYZER_NUMBER_OBJECT_CONVERSION = YES_AGGRESSIVE;
				CLANG_CXX_LANGUAGE_STANDARD = "gnu++14";
				CLANG_CXX_LIBRARY = "libc++";
				CLANG_ENABLE_MODULES = YES;
				CLANG_ENABLE_OBJC_ARC = YES;
				CLANG_ENABLE_OBJC_WEAK = YES;
				CLANG_WARN_BLOCK_CAPTURE_AUTORELEASING = YES;
				CLANG_WARN_BOOL_CONVERSION = YES;
				CLANG_WARN_COMMA = YES;
				CLANG_WARN_CONSTANT_CONVERSION = YES;
				CLANG_WARN_DEPRECATED_OBJC_IMPLEMENTATIONS = YES;
				CLANG_WARN_DIRECT_OBJC_ISA_USAGE = YES_ERROR;
				CLANG_WARN_DOCUMENTATION_COMMENTS = YES;
				CLANG_WARN_EMPTY_BODY = YES;
				CLANG_WARN_ENUM_CONVERSION = YES;
				CLANG_WARN_INFINITE_RECURSION = YES;
				CLANG_WARN_INT_CONVERSION = YES;
				CLANG_WARN_NON_LITERAL_NULL_CONVERSION = YES;
				CLANG_WARN_OBJC_IMPLICIT_RETAIN_SELF = YES;
				CLANG_WARN_OBJC_LITERAL_CONVERSION = YES;
				CLANG_WARN_OBJC_ROOT_CLASS = YES_ERROR;
				CLANG_WARN_RANGE_LOOP_ANALYSIS = YES;
				CLANG_WARN_STRICT_PROTOTYPES = YES;
				CLANG_WARN_SUSPICIOUS_MOVE = YES;
				CLANG_WARN_UNGUARDED_AVAILABILITY = YES_AGGRESSIVE;
				CLANG_WARN_UNREACHABLE_CODE = YES;
				CLANG_WARN__DUPLICATE_METHOD_MATCH = YES;
				CODE_SIGN_IDENTITY = "iPhone Developer";
				COPY_PHASE_STRIP = NO;
				DEBUG_INFORMATION_FORMAT = dwarf;
				ENABLE_STRICT_OBJC_MSGSEND = YES;
				ENABLE_TESTABILITY = YES;
				GCC_C_LANGUAGE_STANDARD = gnu11;
				GCC_DYNAMIC_NO_PIC = NO;
				GCC_NO_COMMON_BLOCKS = YES;
				GCC_OPTIMIZATION_LEVEL = 0;
				GCC_PREPROCESSOR_DEFINITIONS = (
					"DEBUG=1",
					"$(inherited)",
				);
				GCC_WARN_64_TO_32_BIT_CONVERSION = YES;
				GCC_WARN_ABOUT_RETURN_TYPE = YES_ERROR;
				GCC_WARN_UNDECLARED_SELECTOR = YES;
				GCC_WARN_UNINITIALIZED_AUTOS = YES_AGGRESSIVE;
				GCC_WARN_UNUSED_FUNCTION = YES;
				GCC_WARN_UNUSED_VARIABLE = YES;
				IPHONEOS_DEPLOYMENT_TARGET = 11.0;
				MTL_ENABLE_DEBUG_INFO = INCLUDE_SOURCE;
				MTL_FAST_MATH = YES;
				ONLY_ACTIVE_ARCH = YES;
				SDKROOT = iphoneos;
				SWIFT_ACTIVE_COMPILATION_CONDITIONS = DEBUG;
				SWIFT_OPTIMIZATION_LEVEL = "-Onone";
			};
			name = Debug;
		};
		A055447F21A32AC5001A1B4B /* Release */ = {
			isa = XCBuildConfiguration;
			buildSettings = {
				ALWAYS_SEARCH_USER_PATHS = NO;
				CLANG_ANALYZER_LOCALIZABILITY_NONLOCALIZED = YES;
				CLANG_ANALYZER_NONNULL = YES;
				CLANG_ANALYZER_NUMBER_OBJECT_CONVERSION = YES_AGGRESSIVE;
				CLANG_CXX_LANGUAGE_STANDARD = "gnu++14";
				CLANG_CXX_LIBRARY = "libc++";
				CLANG_ENABLE_MODULES = YES;
				CLANG_ENABLE_OBJC_ARC = YES;
				CLANG_ENABLE_OBJC_WEAK = YES;
				CLANG_WARN_BLOCK_CAPTURE_AUTORELEASING = YES;
				CLANG_WARN_BOOL_CONVERSION = YES;
				CLANG_WARN_COMMA = YES;
				CLANG_WARN_CONSTANT_CONVERSION = YES;
				CLANG_WARN_DEPRECATED_OBJC_IMPLEMENTATIONS = YES;
				CLANG_WARN_DIRECT_OBJC_ISA_USAGE = YES_ERROR;
				CLANG_WARN_DOCUMENTATION_COMMENTS = YES;
				CLANG_WARN_EMPTY_BODY = YES;
				CLANG_WARN_ENUM_CONVERSION = YES;
				CLANG_WARN_INFINITE_RECURSION = YES;
				CLANG_WARN_INT_CONVERSION = YES;
				CLANG_WARN_NON_LITERAL_NULL_CONVERSION = YES;
				CLANG_WARN_OBJC_IMPLICIT_RETAIN_SELF = YES;
				CLANG_WARN_OBJC_LITERAL_CONVERSION = YES;
				CLANG_WARN_OBJC_ROOT_CLASS = YES_ERROR;
				CLANG_WARN_RANGE_LOOP_ANALYSIS = YES;
				CLANG_WARN_STRICT_PROTOTYPES = YES;
				CLANG_WARN_SUSPICIOUS_MOVE = YES;
				CLANG_WARN_UNGUARDED_AVAILABILITY = YES_AGGRESSIVE;
				CLANG_WARN_UNREACHABLE_CODE = YES;
				CLANG_WARN__DUPLICATE_METHOD_MATCH = YES;
				CODE_SIGN_IDENTITY = "iPhone Developer";
				COPY_PHASE_STRIP = NO;
				DEBUG_INFORMATION_FORMAT = "dwarf-with-dsym";
				ENABLE_NS_ASSERTIONS = NO;
				ENABLE_STRICT_OBJC_MSGSEND = YES;
				GCC_C_LANGUAGE_STANDARD = gnu11;
				GCC_NO_COMMON_BLOCKS = YES;
				GCC_WARN_64_TO_32_BIT_CONVERSION = YES;
				GCC_WARN_ABOUT_RETURN_TYPE = YES_ERROR;
				GCC_WARN_UNDECLARED_SELECTOR = YES;
				GCC_WARN_UNINITIALIZED_AUTOS = YES_AGGRESSIVE;
				GCC_WARN_UNUSED_FUNCTION = YES;
				GCC_WARN_UNUSED_VARIABLE = YES;
				IPHONEOS_DEPLOYMENT_TARGET = 11.0;
				MTL_ENABLE_DEBUG_INFO = NO;
				MTL_FAST_MATH = YES;
				SDKROOT = iphoneos;
				SWIFT_COMPILATION_MODE = wholemodule;
				SWIFT_OPTIMIZATION_LEVEL = "-O";
				VALIDATE_PRODUCT = YES;
			};
			name = Release;
		};
		A055448121A32AC5001A1B4B /* Debug */ = {
			isa = XCBuildConfiguration;
			baseConfigurationReference = 50C9C15076D55E5723F9D18B /* Pods-SiriusApp.debug.xcconfig */;
			buildSettings = {
				ASSETCATALOG_COMPILER_APPICON_NAME = AppIcon;
				CODE_SIGN_STYLE = Automatic;
				DEVELOPMENT_TEAM = VSJDN2P6Q5;
				INFOPLIST_FILE = SiriusApp/Info.plist;
				IPHONEOS_DEPLOYMENT_TARGET = 11.0;
				LD_RUNPATH_SEARCH_PATHS = (
					"$(inherited)",
					"@executable_path/Frameworks",
				);
				PRODUCT_BUNDLE_IDENTIFIER = "com.sirius-aero.SiriusApp";
				PRODUCT_NAME = "$(TARGET_NAME)";
				SWIFT_VERSION = 4.2;
				TARGETED_DEVICE_FAMILY = 1;
			};
			name = Debug;
		};
		A055448221A32AC5001A1B4B /* Release */ = {
			isa = XCBuildConfiguration;
			baseConfigurationReference = 31D75697F74BE525E08906F4 /* Pods-SiriusApp.release.xcconfig */;
			buildSettings = {
				ASSETCATALOG_COMPILER_APPICON_NAME = AppIcon;
				CODE_SIGN_STYLE = Automatic;
				DEVELOPMENT_TEAM = VSJDN2P6Q5;
				INFOPLIST_FILE = SiriusApp/Info.plist;
				IPHONEOS_DEPLOYMENT_TARGET = 11.0;
				LD_RUNPATH_SEARCH_PATHS = (
					"$(inherited)",
					"@executable_path/Frameworks",
				);
				PRODUCT_BUNDLE_IDENTIFIER = "com.sirius-aero.SiriusApp";
				PRODUCT_NAME = "$(TARGET_NAME)";
				SWIFT_VERSION = 4.2;
				TARGETED_DEVICE_FAMILY = 1;
			};
			name = Release;
		};
/* End XCBuildConfiguration section */

/* Begin XCConfigurationList section */
		A055446921A32AC3001A1B4B /* Build configuration list for PBXProject "SiriusApp" */ = {
			isa = XCConfigurationList;
			buildConfigurations = (
				A055447E21A32AC5001A1B4B /* Debug */,
				A055447F21A32AC5001A1B4B /* Release */,
			);
			defaultConfigurationIsVisible = 0;
			defaultConfigurationName = Release;
		};
		A055448021A32AC5001A1B4B /* Build configuration list for PBXNativeTarget "SiriusApp" */ = {
			isa = XCConfigurationList;
			buildConfigurations = (
				A055448121A32AC5001A1B4B /* Debug */,
				A055448221A32AC5001A1B4B /* Release */,
			);
			defaultConfigurationIsVisible = 0;
			defaultConfigurationName = Release;
		};
/* End XCConfigurationList section */
	};
	rootObject = A055446621A32AC3001A1B4B /* Project object */;
}
